
Microsoft Visual Studio Solution File, Format Version 12.00
# Visual Studio 15
VisualStudioVersion = 15.0.26124.0
MinimumVisualStudioVersion = 15.0.26124.0
Project("{2150E333-8FDC-42A3-9474-1A3956D46DE8}") = "src", "src", "{039E20CF-701C-4C89-A500-4A06347614E4}"
EndProject
Project("{FAE04EC0-301F-11D3-BF4B-00C04F79EFBC}") = "NexPay.Api", "src\NexPay.Api\NexPay.Api.csproj", "{999BF43D-A68D-4F0A-B557-66B7F5562C30}"
EndProject
Project("{FAE04EC0-301F-11D3-BF4B-00C04F79EFBC}") = "NexPay.Data", "src\NexPay.Data\NexPay.Data.csproj", "{09962DA5-84F4-40C1-9E0A-CDBDFE816540}"
EndProject
Project("{FAE04EC0-301F-11D3-BF4B-00C04F79EFBC}") = "NexPay.Domain", "src\NexPay.Domain\NexPay.Domain.csproj", "{6ED99557-0A12-4740-8B67-C841BE322D01}"
EndProject
Project("{2150E333-8FDC-42A3-9474-1A3956D46DE8}") = "tests", "tests", "{23CB8947-D844-4DB8-AF1E-2A1655A6DF25}"
EndProject
Project("{FAE04EC0-301F-11D3-BF4B-00C04F79EFBC}") = "NexPay.Tests", "tests\NexPay.Tests\NexPay.Tests.csproj", "{F7DFBBA5-D2A9-43FD-B297-2F6008D61960}"
EndProject
Global
	GlobalSection(SolutionConfigurationPlatforms) = preSolution
		Debug|Any CPU = Debug|Any CPU
		Debug|x64 = Debug|x64
		Debug|x86 = Debug|x86
		Release|Any CPU = Release|Any CPU
		Release|x64 = Release|x64
		Release|x86 = Release|x86
	EndGlobalSection
	GlobalSection(SolutionProperties) = preSolution
		HideSolutionNode = FALSE
	EndGlobalSection
	GlobalSection(ProjectConfigurationPlatforms) = postSolution
		{999BF43D-A68D-4F0A-B557-66B7F5562C30}.Debug|Any CPU.ActiveCfg = Debug|Any CPU
		{999BF43D-A68D-4F0A-B557-66B7F5562C30}.Debug|Any CPU.Build.0 = Debug|Any CPU
		{999BF43D-A68D-4F0A-B557-66B7F5562C30}.Debug|x64.ActiveCfg = Debug|Any CPU
		{999BF43D-A68D-4F0A-B557-66B7F5562C30}.Debug|x64.Build.0 = Debug|Any CPU
		{999BF43D-A68D-4F0A-B557-66B7F5562C30}.Debug|x86.ActiveCfg = Debug|Any CPU
		{999BF43D-A68D-4F0A-B557-66B7F5562C30}.Debug|x86.Build.0 = Debug|Any CPU
		{999BF43D-A68D-4F0A-B557-66B7F5562C30}.Release|Any CPU.ActiveCfg = Release|Any CPU
		{999BF43D-A68D-4F0A-B557-66B7F5562C30}.Release|Any CPU.Build.0 = Release|Any CPU
		{999BF43D-A68D-4F0A-B557-66B7F5562C30}.Release|x64.ActiveCfg = Release|Any CPU
		{999BF43D-A68D-4F0A-B557-66B7F5562C30}.Release|x64.Build.0 = Release|Any CPU
		{999BF43D-A68D-4F0A-B557-66B7F5562C30}.Release|x86.ActiveCfg = Release|Any CPU
		{999BF43D-A68D-4F0A-B557-66B7F5562C30}.Release|x86.Build.0 = Release|Any CPU
		{09962DA5-84F4-40C1-9E0A-CDBDFE816540}.Debug|Any CPU.ActiveCfg = Debug|Any CPU
		{09962DA5-84F4-40C1-9E0A-CDBDFE816540}.Debug|Any CPU.Build.0 = Debug|Any CPU
		{09962DA5-84F4-40C1-9E0A-CDBDFE816540}.Debug|x64.ActiveCfg = Debug|Any CPU
		{09962DA5-84F4-40C1-9E0A-CDBDFE816540}.Debug|x64.Build.0 = Debug|Any CPU
		{09962DA5-84F4-40C1-9E0A-CDBDFE816540}.Debug|x86.ActiveCfg = Debug|Any CPU
		{09962DA5-84F4-40C1-9E0A-CDBDFE816540}.Debug|x86.Build.0 = Debug|Any CPU
		{09962DA5-84F4-40C1-9E0A-CDBDFE816540}.Release|Any CPU.ActiveCfg = Release|Any CPU
		{09962DA5-84F4-40C1-9E0A-CDBDFE816540}.Release|Any CPU.Build.0 = Release|Any CPU
		{09962DA5-84F4-40C1-9E0A-CDBDFE816540}.Release|x64.ActiveCfg = Release|Any CPU
		{09962DA5-84F4-40C1-9E0A-CDBDFE816540}.Release|x64.Build.0 = Release|Any CPU
		{09962DA5-84F4-40C1-9E0A-CDBDFE816540}.Release|x86.ActiveCfg = Release|Any CPU
		{09962DA5-84F4-40C1-9E0A-CDBDFE816540}.Release|x86.Build.0 = Release|Any CPU
		{6ED99557-0A12-4740-8B67-C841BE322D01}.Debug|Any CPU.ActiveCfg = Debug|Any CPU
		{6ED99557-0A12-4740-8B67-C841BE322D01}.Debug|Any CPU.Build.0 = Debug|Any CPU
		{6ED99557-0A12-4740-8B67-C841BE322D01}.Debug|x64.ActiveCfg = Debug|Any CPU
		{6ED99557-0A12-4740-8B67-C841BE322D01}.Debug|x64.Build.0 = Debug|Any CPU
		{6ED99557-0A12-4740-8B67-C841BE322D01}.Debug|x86.ActiveCfg = Debug|Any CPU
		{6ED99557-0A12-4740-8B67-C841BE322D01}.Debug|x86.Build.0 = Debug|Any CPU
		{6ED99557-0A12-4740-8B67-C841BE322D01}.Release|Any CPU.ActiveCfg = Release|Any CPU
		{6ED99557-0A12-4740-8B67-C841BE322D01}.Release|Any CPU.Build.0 = Release|Any CPU
		{6ED99557-0A12-4740-8B67-C841BE322D01}.Release|x64.ActiveCfg = Release|Any CPU
		{6ED99557-0A12-4740-8B67-C841BE322D01}.Release|x64.Build.0 = Release|Any CPU
		{6ED99557-0A12-4740-8B67-C841BE322D01}.Release|x86.ActiveCfg = Release|Any CPU
		{6ED99557-0A12-4740-8B67-C841BE322D01}.Release|x86.Build.0 = Release|Any CPU
		{F7DFBBA5-D2A9-43FD-B297-2F6008D61960}.Debug|Any CPU.ActiveCfg = Debug|Any CPU
		{F7DFBBA5-D2A9-43FD-B297-2F6008D61960}.Debug|Any CPU.Build.0 = Debug|Any CPU
		{F7DFBBA5-D2A9-43FD-B297-2F6008D61960}.Debug|x64.ActiveCfg = Debug|Any CPU
		{F7DFBBA5-D2A9-43FD-B297-2F6008D61960}.Debug|x64.Build.0 = Debug|Any CPU
		{F7DFBBA5-D2A9-43FD-B297-2F6008D61960}.Debug|x86.ActiveCfg = Debug|Any CPU
		{F7DFBBA5-D2A9-43FD-B297-2F6008D61960}.Debug|x86.Build.0 = Debug|Any CPU
		{F7DFBBA5-D2A9-43FD-B297-2F6008D61960}.Release|Any CPU.ActiveCfg = Release|Any CPU
		{F7DFBBA5-D2A9-43FD-B297-2F6008D61960}.Release|Any CPU.Build.0 = Release|Any CPU
		{F7DFBBA5-D2A9-43FD-B297-2F6008D61960}.Release|x64.ActiveCfg = Release|Any CPU
		{F7DFBBA5-D2A9-43FD-B297-2F6008D61960}.Release|x64.Build.0 = Release|Any CPU
		{F7DFBBA5-D2A9-43FD-B297-2F6008D61960}.Release|x86.ActiveCfg = Release|Any CPU
		{F7DFBBA5-D2A9-43FD-B297-2F6008D61960}.Release|x86.Build.0 = Release|Any CPU
	EndGlobalSection
	GlobalSection(NestedProjects) = preSolution
		{999BF43D-A68D-4F0A-B557-66B7F5562C30} = {039E20CF-701C-4C89-A500-4A06347614E4}
		{09962DA5-84F4-40C1-9E0A-CDBDFE816540} = {039E20CF-701C-4C89-A500-4A06347614E4}
		{6ED99557-0A12-4740-8B67-C841BE322D01} = {039E20CF-701C-4C89-A500-4A06347614E4}
		{F7DFBBA5-D2A9-43FD-B297-2F6008D61960} = {23CB8947-D844-4DB8-AF1E-2A1655A6DF25}
	EndGlobalSection
EndGlobal
